
Microsoft Visual Studio Solution File, Format Version 12.00
# Visual Studio 14
VisualStudioVersion = 14.0.25123.0
MinimumVisualStudioVersion = 10.0.40219.1
Project("{FAE04EC0-301F-11D3-BF4B-00C04F79EFBC}") = "SCNLPNetTest", "SCNLPNetTest\SCNLPNetTest.csproj", "{1871620B-E943-4E83-95B9-E956F5873FAB}"
EndProject
Global
	GlobalSection(SolutionConfigurationPlatforms) = preSolution
		Debug|Any CPU = Debug|Any CPU
		Release|Any CPU = Release|Any CPU
	EndGlobalSection
	GlobalSection(ProjectConfigurationPlatforms) = postSolution
		{1871620B-E943-4E83-95B9-E956F5873FAB}.Debug|Any CPU.ActiveCfg = Debug|Any CPU
		{1871620B-E943-4E83-95B9-E956F5873FAB}.Debug|Any CPU.Build.0 = Debug|Any CPU
		{1871620B-E943-4E83-95B9-E956F5873FAB}.Release|Any CPU.ActiveCfg = Release|Any CPU
		{1871620B-E943-4E83-95B9-E956F5873FAB}.Release|Any CPU.Build.0 = Release|Any CPU
	EndGlobalSection
	GlobalSection(SolutionProperties) = preSolution
		HideSolutionNode = FALSE
	EndGlobalSection
EndGlobal
